<?xml version="1.0" encoding="utf-8"?>
<Project ToolsVersion="4.0" xmlns="http://schemas.microsoft.com/developer/msbuild/2003">
  <ItemGroup>
    <Filter Include="소스 파일">
      <UniqueIdentifier>{4FC737F1-C7A5-4376-A066-2A32D752A2FF}</UniqueIdentifier>
      <Extensions>cpp;c;cc;cxx;c++;cppm;ixx;def;odl;idl;hpj;bat;asm;asmx</Extensions>
    </Filter>
    <Filter Include="헤더 파일">
      <UniqueIdentifier>{93995380-89BD-4b04-88EB-625FBE52EBFB}</UniqueIdentifier>
      <Extensions>h;hh;hpp;hxx;h++;hm;inl;inc;ipp;xsd</Extensions>
    </Filter>
    <Filter Include="리소스 파일">
      <UniqueIdentifier>{67DA6AB6-F800-4c08-8B7A-83BB121AAD01}</UniqueIdentifier>
      <Extensions>rc;ico;cur;bmp;dlg;rc2;rct;bin;rgs;gif;jpg;jpeg;jpe;resx;tiff;tif;png;wav;mfcribbon-ms</Extensions>
    </Filter>
  </ItemGroup>
  <ItemGroup>
    <ClCompile Include="C++.cpp">
      <Filter>소스 파일</Filter>
    </ClCompile>
    <ClCompile Include="Monster.cpp">
      <Filter>소스 파일</Filter>
    </ClCompile>
  </ItemGroup>
  <ItemGroup>
    <ClInclude Include="2022.10.13%28입출력, 접근지정자%29.h">
      <Filter>헤더 파일</Filter>
    </ClInclude>
    <ClInclude Include="2022.10.14%28상속, 동적할당%29.h">
      <Filter>헤더 파일</Filter>
    </ClInclude>
    <ClInclude Include="2022.10.17(namespace).h">
      <Filter>헤더 파일</Filter>
    </ClInclude>
    <ClInclude Include="Monster.h">
      <Filter>헤더 파일</Filter>
    </ClInclude>
    <ClInclude Include="2022.10.18(클래스 구현부, 선언부).h">
      <Filter>헤더 파일</Filter>
    </ClInclude>
    <ClInclude Include="2022.10.20(참조자).h">
      <Filter>헤더 파일</Filter>
    </ClInclude>
    <ClInclude Include="2022.10.20(복사, 기본생성자).h">
      <Filter>헤더 파일</Filter>
    </ClInclude>
    <ClInclude Include="2022.10.21(가상함수).h">
      <Filter>헤더 파일</Filter>
    </ClInclude>
    <ClInclude Include="2022.10.24(오버라이딩, 순수 가상함수).h">
      <Filter>헤더 파일</Filter>
    </ClInclude>
    <ClInclude Include="2022.10.25(가상 소멸자, friend).h">
      <Filter>헤더 파일</Filter>
    </ClInclude>
    <ClInclude Include="2022.10.26(다중, 가상 상속).h">
      <Filter>헤더 파일</Filter>
    </ClInclude>
    <ClInclude Include="2022.10.27(스마트 포인터).h">
      <Filter>헤더 파일</Filter>
    </ClInclude>
    <ClInclude Include="2022.10.31(template, vector).h">
      <Filter>헤더 파일</Filter>
    </ClInclude>
    <ClInclude Include="2022.10.31(string, 리듬게임).h">
      <Filter>헤더 파일</Filter>
    </ClInclude>
    <ClInclude Include="2022.11.01(업, 다운 캐스팅).h">
      <Filter>헤더 파일</Filter>
    </ClInclude>
    <ClInclude Include="2022.11.02(static_cast).h">
      <Filter>헤더 파일</Filter>
    </ClInclude>
    <ClInclude Include="2022.11.04(List).h">
      <Filter>헤더 파일</Filter>
    </ClInclude>
    <ClInclude Include="2022.11.04(큐, 스택).h">
      <Filter>헤더 파일</Filter>
    </ClInclude>
    <ClInclude Include="2022.11.07(MAP, SET).h">
      <Filter>헤더 파일</Filter>
    </ClInclude>
    <ClInclude Include="2022.11.08(const, final, ishas a).h">
      <Filter>헤더 파일</Filter>
    </ClInclude>
    <ClInclude Include="2022.11.11(우선순위 큐).h">
      <Filter>헤더 파일</Filter>
    </ClInclude>
    <ClInclude Include="2022.11.14(선형 큐).h">
      <Filter>헤더 파일</Filter>
    </ClInclude>
    <ClInclude Include="2022.11.15(원형 큐).h">
      <Filter>헤더 파일</Filter>
    </ClInclude>
    <ClInclude Include="2022.11.16(클래스 메모리 구조).h">
      <Filter>헤더 파일</Filter>
    </ClInclude>
    <ClInclude Include="2022.11.17(Bubble Sort).h">
      <Filter>헤더 파일</Filter>
    </ClInclude>
    <ClInclude Include="2022.11.18(Selection Sort).h">
      <Filter>헤더 파일</Filter>
    </ClInclude>
    <ClInclude Include="2022.11.21(연결리스트).h">
      <Filter>헤더 파일</Filter>
    </ClInclude>
    <ClInclude Include="2022.11.22(연결리스트 추가, 삭제).h">
      <Filter>헤더 파일</Filter>
    </ClInclude>
  </ItemGroup>
</Project>